
Microsoft Visual Studio Solution File, Format Version 12.00
# Visual Studio Version 17
VisualStudioVersion = 17.13.35931.197
MinimumVisualStudioVersion = 10.0.40219.1
Project("{FAE04EC0-301F-11D3-BF4B-00C04F79EFBC}") = "T2MTemplate.Api", "T2MTemplate.Api\T2MTemplate.Api.csproj", "{14AA7A92-3D01-4C24-9847-5365EA9893EA}"
EndProject
Project("{2150E333-8FDC-42A3-9474-1A3956D46DE8}") = "1 - Presentation", "1 - Presentation", "{02EA681E-C7D8-13C7-8484-4AC65E1B71E8}"
EndProject
Project("{2150E333-8FDC-42A3-9474-1A3956D46DE8}") = "2 - Application", "2 - Application", "{D5CB5DE5-F80E-4E7E-BD5C-49A4B19B7715}"
EndProject
Project("{FAE04EC0-301F-11D3-BF4B-00C04F79EFBC}") = "T2MTemplate.Application", "T2MTemplate.Application\T2MTemplate.Application.csproj", "{383DB52A-1161-42C0-9BD2-F3D5AD23A79F}"
EndProject
Project("{2150E333-8FDC-42A3-9474-1A3956D46DE8}") = "3 - Domain", "3 - Domain", "{EECB6B3F-22AE-4479-8FA9-8F74455E624A}"
EndProject
Project("{FAE04EC0-301F-11D3-BF4B-00C04F79EFBC}") = "T2MTemplate.Domain", "T2MTemplate.Domain\T2MTemplate.Domain.csproj", "{C40FEB3E-69B5-4E56-8E7A-DF8054C2ABF3}"
EndProject
Project("{2150E333-8FDC-42A3-9474-1A3956D46DE8}") = "4 - Infra", "4 - Infra", "{A57F0FCB-118B-4804-8DF9-A05AF9A393C0}"
EndProject
Project("{FAE04EC0-301F-11D3-BF4B-00C04F79EFBC}") = "T2MTemplate.Infra", "T2MTemplate.Infra\T2MTemplate.Infra.csproj", "{A8F381AA-CA45-49D8-B74E-95A990ABA630}"
EndProject
Project("{2150E333-8FDC-42A3-9474-1A3956D46DE8}") = "0 - Solution Items", "0 - Solution Items", "{2FFDFAAB-68F1-467B-B930-B8EDA1D13BF8}"
	ProjectSection(SolutionItems) = preProject
		.dockerignore = .dockerignore
		.gitignore = .gitignore
		Dockerfile = Dockerfile
	EndProjectSection
EndProject
Global
	GlobalSection(SolutionConfigurationPlatforms) = preSolution
		Debug|Any CPU = Debug|Any CPU
		Release|Any CPU = Release|Any CPU
	EndGlobalSection
	GlobalSection(ProjectConfigurationPlatforms) = postSolution
		{14AA7A92-3D01-4C24-9847-5365EA9893EA}.Debug|Any CPU.ActiveCfg = Debug|Any CPU
		{14AA7A92-3D01-4C24-9847-5365EA9893EA}.Debug|Any CPU.Build.0 = Debug|Any CPU
		{14AA7A92-3D01-4C24-9847-5365EA9893EA}.Release|Any CPU.ActiveCfg = Release|Any CPU
		{14AA7A92-3D01-4C24-9847-5365EA9893EA}.Release|Any CPU.Build.0 = Release|Any CPU
		{383DB52A-1161-42C0-9BD2-F3D5AD23A79F}.Debug|Any CPU.ActiveCfg = Debug|Any CPU
		{383DB52A-1161-42C0-9BD2-F3D5AD23A79F}.Debug|Any CPU.Build.0 = Debug|Any CPU
		{383DB52A-1161-42C0-9BD2-F3D5AD23A79F}.Release|Any CPU.ActiveCfg = Release|Any CPU
		{383DB52A-1161-42C0-9BD2-F3D5AD23A79F}.Release|Any CPU.Build.0 = Release|Any CPU
		{C40FEB3E-69B5-4E56-8E7A-DF8054C2ABF3}.Debug|Any CPU.ActiveCfg = Debug|Any CPU
		{C40FEB3E-69B5-4E56-8E7A-DF8054C2ABF3}.Debug|Any CPU.Build.0 = Debug|Any CPU
		{C40FEB3E-69B5-4E56-8E7A-DF8054C2ABF3}.Release|Any CPU.ActiveCfg = Release|Any CPU
		{C40FEB3E-69B5-4E56-8E7A-DF8054C2ABF3}.Release|Any CPU.Build.0 = Release|Any CPU
		{A8F381AA-CA45-49D8-B74E-95A990ABA630}.Debug|Any CPU.ActiveCfg = Debug|Any CPU
		{A8F381AA-CA45-49D8-B74E-95A990ABA630}.Debug|Any CPU.Build.0 = Debug|Any CPU
		{A8F381AA-CA45-49D8-B74E-95A990ABA630}.Release|Any CPU.ActiveCfg = Release|Any CPU
		{A8F381AA-CA45-49D8-B74E-95A990ABA630}.Release|Any CPU.Build.0 = Release|Any CPU
	EndGlobalSection
	GlobalSection(SolutionProperties) = preSolution
		HideSolutionNode = FALSE
	EndGlobalSection
	GlobalSection(NestedProjects) = preSolution
		{14AA7A92-3D01-4C24-9847-5365EA9893EA} = {02EA681E-C7D8-13C7-8484-4AC65E1B71E8}
		{383DB52A-1161-42C0-9BD2-F3D5AD23A79F} = {D5CB5DE5-F80E-4E7E-BD5C-49A4B19B7715}
		{C40FEB3E-69B5-4E56-8E7A-DF8054C2ABF3} = {EECB6B3F-22AE-4479-8FA9-8F74455E624A}
		{A8F381AA-CA45-49D8-B74E-95A990ABA630} = {A57F0FCB-118B-4804-8DF9-A05AF9A393C0}
	EndGlobalSection
	GlobalSection(ExtensibilityGlobals) = postSolution
		SolutionGuid = {ECDA4AD0-CF39-4E72-8FC3-CA56B393489A}
	EndGlobalSection
EndGlobal
